# @generated - this file is auto-generated by `mise lock` https://mise.jdx.dev/dev-tools/mise-lock.html

lockfile_version = 2

[[tools.cargo-binstall]]
version = "1.25.1"
backend = "aqua:cargo-bins/cargo-binstall"
specifiers = ["latest"]

[tools.cargo-binstall."platforms.linux-arm64"]
checksum = "sha256:0c209d4fecaf428358b1a798d35e2372c98a9a5513c541ba08450c2ba1b2bf69"
url = "https://github.com/cargo-bins/cargo-binstall/releases/download/v1.25.1/cargo-binstall-aarch64-unknown-linux-gnu.tgz"
url_api = "https://api.github.com/repos/cargo-bins/cargo-binstall/releases/assets/607778085"
provenance = "github-attestations"

[tools.cargo-binstall."platforms.linux-arm64-musl"]
checksum = "sha256:87495c6a6e921e02dd9ccf4dc8cc0a9b3a8d7ae8a07681f7f99bbcf306f42fdd"
url = "https://github.com/cargo-bins/cargo-binstall/releases/download/v1.25.1/cargo-binstall-aarch64-unknown-linux-musl.tgz"
url_api = "https://api.github.com/repos/cargo-bins/cargo-binstall/releases/assets/607777995"
provenance = "github-attestations"

[tools.cargo-binstall."platforms.linux-x64"]
checksum = "sha256:7566158bf76a99974e081abe442978b8a3e5f4e834ee8247d847902b588b2133"
url = "https://github.com/cargo-bins/cargo-binstall/releases/download/v1.25.1/cargo-binstall-x86_64-unknown-linux-gnu.tgz"
url_api = "https://api.github.com/repos/cargo-bins/cargo-binstall/releases/assets/607777440"
provenance = "github-attestations"

[tools.cargo-binstall."platforms.linux-x64-musl"]
checksum = "sha256:8e06c41af972f9922f28c6ae467e41ffa9b0688d563d0aabd0dcbd5244ab849b"
url = "https://github.com/cargo-bins/cargo-binstall/releases/download/v1.25.1/cargo-binstall-x86_64-unknown-linux-musl.tgz"
url_api = "https://api.github.com/repos/cargo-bins/cargo-binstall/releases/assets/607777371"
provenance = "github-attestations"

[tools.cargo-binstall."platforms.macos-arm64"]
checksum = "sha256:44fc93543677e08d9e591d7c72a0b0346049ff249816814335da864e588f0413"
url = "https://github.com/cargo-bins/cargo-binstall/releases/download/v1.25.1/cargo-binstall-aarch64-apple-darwin.zip"
url_api = "https://api.github.com/repos/cargo-bins/cargo-binstall/releases/assets/607778292"
provenance = "github-attestations"

[tools.cargo-binstall."platforms.macos-x64"]
checksum = "sha256:0f39bb6dcb534ffe20d5cee7e0c131451eb721ca6c6b962418d1fc1a48d5917d"
url = "https://github.com/cargo-bins/cargo-binstall/releases/download/v1.25.1/cargo-binstall-x86_64-apple-darwin.zip"
url_api = "https://api.github.com/repos/cargo-bins/cargo-binstall/releases/assets/607777587"
provenance = "github-attestations"

[tools.cargo-binstall."platforms.windows-x64"]
checksum = "sha256:8b8019ac54adbb5338e68c3cd6e37dc48a156747eb9174a9231089ce648c5df3"
url = "https://github.com/cargo-bins/cargo-binstall/releases/download/v1.25.1/cargo-binstall-x86_64-pc-windows-msvc.zip"
url_api = "https://api.github.com/repos/cargo-bins/cargo-binstall/releases/assets/607777522"
provenance = "github-attestations"

[[tools.cargo-msrv]]
version = "0.19.3"
backend = "aqua:foresterre/cargo-msrv"
specifiers = ["latest"]

[tools.cargo-msrv."platforms.linux-x64"]
checksum = "sha256:6f9a0011ca8ad959d304185b9090390fd1ad87e2d764007fbb0abe043afa9ff5"
url = "https://github.com/foresterre/cargo-msrv/releases/download/v0.19.3/cargo-msrv-x86_64-unknown-linux-gnu-v0.19.3.tgz"
url_api = "https://api.github.com/repos/foresterre/cargo-msrv/releases/assets/380850047"

[tools.cargo-msrv."platforms.linux-x64-musl"]
checksum = "sha256:441ddbf85c589062029ac33fcfcfc33ddd4e87f04984d91b16ea4ae02e4d779d"
url = "https://github.com/foresterre/cargo-msrv/releases/download/v0.19.3/cargo-msrv-x86_64-unknown-linux-musl-v0.19.3.tgz"
url_api = "https://api.github.com/repos/foresterre/cargo-msrv/releases/assets/380849992"

[tools.cargo-msrv."platforms.macos-arm64"]
checksum = "sha256:bf42f653b5a7c426972f728b38a3756529a105b6598c2fdc89bc25ac056726f1"
url = "https://github.com/foresterre/cargo-msrv/releases/download/v0.19.3/cargo-msrv-aarch64-apple-darwin-v0.19.3.tgz"
url_api = "https://api.github.com/repos/foresterre/cargo-msrv/releases/assets/380850630"

[tools.cargo-msrv."platforms.macos-x64"]
checksum = "sha256:2427399177872d74b822b46a2f52817bfab5fb1ff6d8e5e6faaafc82a66f2351"
url = "https://github.com/foresterre/cargo-msrv/releases/download/v0.19.3/cargo-msrv-x86_64-apple-darwin-v0.19.3.tgz"
url_api = "https://api.github.com/repos/foresterre/cargo-msrv/releases/assets/380858063"

[tools.cargo-msrv."platforms.windows-x64"]
checksum = "sha256:e437443331865218763d44089680f4d36547353e8c3c8b394c24859203e6cd05"
url = "https://github.com/foresterre/cargo-msrv/releases/download/v0.19.3/cargo-msrv-x86_64-pc-windows-msvc-v0.19.3.zip"
url_api = "https://api.github.com/repos/foresterre/cargo-msrv/releases/assets/380851496"

[[tools."cargo:cargo-llvm-cov"]]
version = "0.9.1"
backend = "cargo:cargo-llvm-cov"
specifiers = ["latest"]

[[tools.hk]]
version = "2.5.0"
backend = "packslip:github.com/jdx/hk"
specifiers = ["latest"]

[tools.hk."platforms.linux-arm64"]
checksum = "sha256:c800091c414e1c8e8628137275d88c257bcfe0c35dd31d2762923a71dae7df7f"
url = "https://github.com/jdx/hk/releases/download/v2.5.0/hk-aarch64-unknown-linux-gnu.tar.gz"
signer = "sigstore-oidc:https://github.com/jdx/hk/.github/workflows/release.yml"

[tools.hk."platforms.linux-arm64-musl"]
checksum = "sha256:1e839b96defad21b5118d9554f2146811a2ce8d8eef90b3da1d592834969b717"
url = "https://github.com/jdx/hk/releases/download/v2.5.0/hk-aarch64-unknown-linux-musl.tar.gz"
signer = "sigstore-oidc:https://github.com/jdx/hk/.github/workflows/release.yml"

[tools.hk."platforms.linux-x64"]
checksum = "sha256:449b83c35ac3a460f80a4c9a41ad99430add8cf6caa6ceadc27e810feac3647d"
url = "https://github.com/jdx/hk/releases/download/v2.5.0/hk-x86_64-unknown-linux-gnu.tar.gz"
signer = "sigstore-oidc:https://github.com/jdx/hk/.github/workflows/release.yml"

[tools.hk."platforms.linux-x64-musl"]
checksum = "sha256:55b349ed8ebbb9cc11e3ff7f741230035061e45621c0b2c87fffeeb37fadcfd0"
url = "https://github.com/jdx/hk/releases/download/v2.5.0/hk-x86_64-unknown-linux-musl.tar.gz"
signer = "sigstore-oidc:https://github.com/jdx/hk/.github/workflows/release.yml"

[tools.hk."platforms.macos-arm64"]
checksum = "sha256:fabbed3a44e72c601759fa81d56f3c9403ca466853bdf77e87cc69d986cb151a"
url = "https://github.com/jdx/hk/releases/download/v2.5.0/hk-aarch64-apple-darwin.tar.gz"
signer = "sigstore-oidc:https://github.com/jdx/hk/.github/workflows/release.yml"

[tools.hk."platforms.windows-x64"]
checksum = "sha256:9d3063f0eadb316415dc2aaea51608f436eb6ffe44e00c2e460294c66f269a54"
url = "https://github.com/jdx/hk/releases/download/v2.5.0/hk-x86_64-pc-windows-msvc.zip"
signer = "sigstore-oidc:https://github.com/jdx/hk/.github/workflows/release.yml"

[[tools.jactionlint]]
version = "2.1.0"
backend = "github:jdx/jactionlint"
specifiers = ["latest"]

[tools.jactionlint."platforms.linux-arm64"]
checksum = "sha256:ec0c6496d8a2f37b2ae2a1af0fbf98d58df1f7c98a27cf9fdd64c20ad317234b"
url = "https://github.com/jdx/jactionlint/releases/download/v2.1.0/jactionlint_2.1.0_linux_arm64.tar.gz"
url_api = "https://api.github.com/repos/jdx/jactionlint/releases/assets/628112146"
provenance = "github-attestations"

[tools.jactionlint."platforms.linux-arm64-musl"]
checksum = "sha256:ec0c6496d8a2f37b2ae2a1af0fbf98d58df1f7c98a27cf9fdd64c20ad317234b"
url = "https://github.com/jdx/jactionlint/releases/download/v2.1.0/jactionlint_2.1.0_linux_arm64.tar.gz"
url_api = "https://api.github.com/repos/jdx/jactionlint/releases/assets/628112146"
provenance = "github-attestations"

[tools.jactionlint."platforms.linux-x64"]
checksum = "sha256:baebfc5792135438fb3bb5ea266c3bf2538a089753616f1988ef618e4c0c3cb1"
url = "https://github.com/jdx/jactionlint/releases/download/v2.1.0/jactionlint_2.1.0_linux_amd64.tar.gz"
url_api = "https://api.github.com/repos/jdx/jactionlint/releases/assets/628112089"
provenance = "github-attestations"

[tools.jactionlint."platforms.linux-x64-musl"]
checksum = "sha256:baebfc5792135438fb3bb5ea266c3bf2538a089753616f1988ef618e4c0c3cb1"
url = "https://github.com/jdx/jactionlint/releases/download/v2.1.0/jactionlint_2.1.0_linux_amd64.tar.gz"
url_api = "https://api.github.com/repos/jdx/jactionlint/releases/assets/628112089"
provenance = "github-attestations"

[tools.jactionlint."platforms.macos-arm64"]
checksum = "sha256:3766a4b0890d3eb36fe58760289885712131c7974de4bc9fabb9a3faa599e931"
url = "https://github.com/jdx/jactionlint/releases/download/v2.1.0/jactionlint_2.1.0_darwin_arm64.tar.gz"
url_api = "https://api.github.com/repos/jdx/jactionlint/releases/assets/628111988"
provenance = "github-attestations"

[tools.jactionlint."platforms.macos-x64"]
checksum = "sha256:a88f2be76def62dd4fd9aed38c81d0db4144763012128a89800be80b1ee82e89"
url = "https://github.com/jdx/jactionlint/releases/download/v2.1.0/jactionlint_2.1.0_darwin_amd64.tar.gz"
url_api = "https://api.github.com/repos/jdx/jactionlint/releases/assets/628112083"
provenance = "github-attestations"

[tools.jactionlint."platforms.windows-x64"]
checksum = "sha256:5925a118df6db8c5be418acb05bd815d3c14ca98d91a9ecba6156753b87d4ae7"
url = "https://github.com/jdx/jactionlint/releases/download/v2.1.0/jactionlint_2.1.0_windows_amd64.zip"
url_api = "https://api.github.com/repos/jdx/jactionlint/releases/assets/628112198"
provenance = "github-attestations"

[[tools.pkl]]
version = "0.32.1"
backend = "aqua:apple/pkl"
specifiers = ["latest"]

[tools.pkl."platforms.linux-arm64"]
checksum = "sha256:a76d2dd47da435a8f911b0347373f47c7e59ea54fb75ff846d20b8df10dba058"
url = "https://github.com/apple/pkl/releases/download/0.32.1/pkl-linux-aarch64"
url_api = "https://api.github.com/repos/apple/pkl/releases/assets/487426568"

[tools.pkl."platforms.linux-arm64-musl"]
checksum = "sha256:a76d2dd47da435a8f911b0347373f47c7e59ea54fb75ff846d20b8df10dba058"
url = "https://github.com/apple/pkl/releases/download/0.32.1/pkl-linux-aarch64"
url_api = "https://api.github.com/repos/apple/pkl/releases/assets/487426568"

[tools.pkl."platforms.linux-x64"]
checksum = "sha256:3180b62da95c0cad1d904e9bb6c5f4a8f9032413c21e53194bb91ff1ee5f3211"
url = "https://github.com/apple/pkl/releases/download/0.32.1/pkl-linux-amd64"
url_api = "https://api.github.com/repos/apple/pkl/releases/assets/487426567"

[tools.pkl."platforms.linux-x64-musl"]
checksum = "sha256:3180b62da95c0cad1d904e9bb6c5f4a8f9032413c21e53194bb91ff1ee5f3211"
url = "https://github.com/apple/pkl/releases/download/0.32.1/pkl-linux-amd64"
url_api = "https://api.github.com/repos/apple/pkl/releases/assets/487426567"

[tools.pkl."platforms.macos-arm64"]
checksum = "sha256:563eb51c9a20b16a3625464ed745c675ed9750381f2126722696a0d7cac1d9d3"
url = "https://github.com/apple/pkl/releases/download/0.32.1/pkl-macos-aarch64"
url_api = "https://api.github.com/repos/apple/pkl/releases/assets/487426570"

[tools.pkl."platforms.macos-x64"]
checksum = "sha256:5b74b903234047960144f66f2cebdd12d267d9b98e8155ed91d2ae5ed27e2d1f"
url = "https://github.com/apple/pkl/releases/download/0.32.1/pkl-macos-amd64"
url_api = "https://api.github.com/repos/apple/pkl/releases/assets/487426599"

[tools.pkl."platforms.windows-x64"]
checksum = "sha256:8550a00fcf027335e42c5e2cd553b88e98845408cb1880b3e3d1860caf46d22a"
url = "https://github.com/apple/pkl/releases/download/0.32.1/pkl-windows-amd64.exe"
url_api = "https://api.github.com/repos/apple/pkl/releases/assets/487426668"
